
Microsoft Visual Studio Solution File, Format Version 12.00
# Visual Studio Version 16
VisualStudioVersion = 16.0.31911.196
MinimumVisualStudioVersion = 10.0.40219.1
Project("{888888A0-9F3D-457C-B088-3A5042F75D52}") = "Ping_Pong", "Ping_Pong\Ping_Pong.pyproj", "{C2AC7BC9-5486-4A0C-BE29-746818243474}"
EndProject
Global
	GlobalSection(SolutionConfigurationPlatforms) = preSolution
		Debug|Any CPU = Debug|Any CPU
		Release|Any CPU = Release|Any CPU
	EndGlobalSection
	GlobalSection(ProjectConfigurationPlatforms) = postSolution
		{C2AC7BC9-5486-4A0C-BE29-746818243474}.Debug|Any CPU.ActiveCfg = Debug|Any CPU
		{C2AC7BC9-5486-4A0C-BE29-746818243474}.Release|Any CPU.ActiveCfg = Release|Any CPU
	EndGlobalSection
	GlobalSection(SolutionProperties) = preSolution
		HideSolutionNode = FALSE
	EndGlobalSection
	GlobalSection(ExtensibilityGlobals) = postSolution
		SolutionGuid = {A8A2A54A-B779-4F69-BA00-078ED303B7BB}
	EndGlobalSection
EndGlobal
